
Microsoft Visual Studio Solution File, Format Version 12.00
# Visual Studio Version 16
VisualStudioVersion = 16.0.34031.81
MinimumVisualStudioVersion = 10.0.40219.1
Project("{FAE04EC0-301F-11D3-BF4B-00C04F79EFBC}") = "SampleApp", "ConsoleApp2\SampleApp.csproj", "{558B4C64-E50D-406A-A81D-06010E8D64CB}"
EndProject
Global
	GlobalSection(SolutionConfigurationPlatforms) = preSolution
		Debug|Any CPU = Debug|Any CPU
		Release|Any CPU = Release|Any CPU
	EndGlobalSection
	GlobalSection(ProjectConfigurationPlatforms) = postSolution
		{558B4C64-E50D-406A-A81D-06010E8D64CB}.Debug|Any CPU.ActiveCfg = Debug|Any CPU
		{558B4C64-E50D-406A-A81D-06010E8D64CB}.Debug|Any CPU.Build.0 = Debug|Any CPU
		{558B4C64-E50D-406A-A81D-06010E8D64CB}.Release|Any CPU.ActiveCfg = Release|Any CPU
		{558B4C64-E50D-406A-A81D-06010E8D64CB}.Release|Any CPU.Build.0 = Release|Any CPU
	EndGlobalSection
	GlobalSection(SolutionProperties) = preSolution
		HideSolutionNode = FALSE
	EndGlobalSection
	GlobalSection(ExtensibilityGlobals) = postSolution
		SolutionGuid = {760C10E1-6116-4E42-AA4F-3F359E4357C3}
	EndGlobalSection
EndGlobal
